<Solution>
  <Project Path="Class_01_Work_01/Class_01_Work_01.csproj" Id="624109a0-7789-4690-895c-f669694d9f4b" />
  <Project Path="Class_01_Work_02/Class_01_Work_02.csproj" Id="ade918b1-a701-439c-a19f-ed4c6b59fb1c" />
  <Project Path="Class_01_Work_03/Class_01_Work_03.csproj" Id="d10c4b81-fc03-4174-9e3b-c27ca1c6d527" />
  <Project Path="Class_01_Work_04/Class_01_Work_04.csproj" Id="5413599a-4561-4b0d-a178-6cfed3e7a34a" />
</Solution>
